// !$*UTF8*$!
{
	archiveVersion = 1;
	classes = {
	};
	objectVersion = 46;
	objects = {

/* Begin PBXBuildFile section */
		8495EFB61CB285A900F1172B /* main.m in Sources */ = {isa = PBXBuildFile; fileRef = 8495EFB51CB285A900F1172B /* main.m */; };
		8495EFB91CB285A900F1172B /* AppDelegate.m in Sources */ = {isa = PBXBuildFile; fileRef = 8495EFB81CB285A900F1172B /* AppDelegate.m */; };
		8495EFBC1CB285A900F1172B /* ViewController.m in Sources */ = {isa = PBXBuildFile; fileRef = 8495EFBB1CB285A900F1172B /* ViewController.m */; };
		8495EFBF1CB285A900F1172B /* Main.storyboard in Resources */ = {isa = PBXBuildFile; fileRef = 8495EFBD1CB285A900F1172B /* Main.storyboard */; };
		8495EFC11CB285A900F1172B /* Assets.xcassets in Resources */ = {isa = PBXBuildFile; fileRef = 8495EFC01CB285A900F1172B /* Assets.xcassets */; };
		8495EFC41CB285A900F1172B /* LaunchScreen.storyboard in Resources */ = {isa = PBXBuildFile; fileRef = 8495EFC21CB285A900F1172B /* LaunchScreen.storyboard */; };
		8495EFCD1CB2907D00F1172B /* RCStudent.m in Sources */ = {isa = PBXBuildFile; fileRef = 8495EFCC1CB2907D00F1172B /* RCStudent.m */; };
/* End PBXBuildFile section */

/* Begin PBXFileReference section */
		8495EFB11CB285A900F1172B /* TypesTest.app */ = {isa = PBXFileReference; explicitFileType = wrapper.application; includeInIndex = 0; path = TypesTest.app; sourceTree = BUILT_PRODUCTS_DIR; };
		8495EFB51CB285A900F1172B /* main.m */ = {isa = PBXFileReference; lastKnownFileType = sourcecode.c.objc; path = main.m; sourceTree = "<group>"; };
		8495EFB71CB285A900F1172B /* AppDelegate.h */ = {isa = PBXFileReference; lastKnownFileType = sourcecode.c.h; path = AppDelegate.h; sourceTree = "<group>"; };
		8495EFB81CB285A900F1172B /* AppDelegate.m */ = {isa = PBXFileReference; lastKnownFileType = sourcecode.c.objc; path = AppDelegate.m; sourceTree = "<group>"; };
		8495EFBA1CB285A900F1172B /* ViewController.h */ = {isa = PBXFileReference; lastKnownFileType = sourcecode.c.h; path = ViewController.h; sourceTree = "<group>"; };
		8495EFBB1CB285A900F1172B /* ViewController.m */ = {isa = PBXFileReference; lastKnownFileType = sourcecode.c.objc; path = ViewController.m; sourceTree = "<group>"; };
		8495EFBE1CB285A900F1172B /* Base */ = {isa = PBXFileReference; lastKnownFileType = file.storyboard; name = Base; path = Base.lproj/Main.storyboard; sourceTree = "<group>"; };
		8495EFC01CB285A900F1172B /* Assets.xcassets */ = {isa = PBXFileReference; lastKnownFileType = folder.assetcatalog; path = Assets.xcassets; sourceTree = "<group>"; };
		8495EFC31CB285A900F1172B /* Base */ = {isa = PBXFileReference; lastKnownFileType = file.storyboard; name = Base; path = Base.lproj/LaunchScreen.storyboard; sourceTree = "<group>"; };
		8495EFC51CB285A900F1172B /* Info.plist */ = {isa = PBXFileReference; lastKnownFileType = text.plist.xml; path = Info.plist; sourceTree = "<group>"; };
		8495EFCB1CB2907D00F1172B /* RCStudent.h */ = {isa = PBXFileReference; fileEncoding = 4; lastKnownFileType = sourcecode.c.h; path = RCStudent.h; sourceTree = "<group>"; };
		8495EFCC1CB2907D00F1172B /* RCStudent.m */ = {isa = PBXFileReference; fileEncoding = 4; lastKnownFileType = sourcecode.c.objc; path = RCStudent.m; sourceTree = "<group>"; };
/* End PBXFileReference section */

/* Begin PBXFrameworksBuildPhase section */
		8495EFAE1CB285A900F1172B /* Frameworks */ = {
			isa = PBXFrameworksBuildPhase;
			buildActionMask = 2147483647;
			files = (
			);
			runOnlyForDeploymentPostprocessing = 0;
		};
/* End PBXFrameworksBuildPhase section */

/* Begin PBXGroup section */
		8495EFA81CB285A900F1172B = {
			isa = PBXGroup;
			children = (
				8495EFB31CB285A900F1172B /* TypesTest */,
				8495EFB21CB285A900F1172B /* Products */,
			);
			sourceTree = "<group>";
		};
		8495EFB21CB285A900F1172B /* Products */ = {
			isa = PBXGroup;
			children = (
				8495EFB11CB285A900F1172B /* TypesTest.app */,
			);
			name = Products;
			sourceTree = "<group>";
		};
		8495EFB31CB285A900F1172B /* TypesTest */ = {
			isa = PBXGroup;
			children = (
				8495EFCB1CB2907D00F1172B /* RCStudent.h */,
				8495EFCC1CB2907D00F1172B /* RCStudent.m */,
				8495EFB71CB285A900F1172B /* AppDelegate.h */,
				8495EFB81CB285A900F1172B /* AppDelegate.m */,
				8495EFBA1CB285A900F1172B /* ViewController.h */,
				8495EFBB1CB285A900F1172B /* ViewController.m */,
				8495EFBD1CB285A900F1172B /* Main.storyboard */,
				8495EFC01CB285A900F1172B /* Assets.xcassets */,
				8495EFC21CB285A900F1172B /* LaunchScreen.storyboard */,
				8495EFC51CB285A900F1172B /* Info.plist */,
				8495EFB41CB285A900F1172B /* Supporting Files */,
			);
			path = TypesTest;
			sourceTree = "<group>";
		};
		8495EFB41CB285A900F1172B /* Supporting Files */ = {
			isa = PBXGroup;
			children = (
				8495EFB51CB285A900F1172B /* main.m */,
			);
			name = "Supporting Files";
			sourceTree = "<group>";
		};
/* End PBXGroup section */

/* Begin PBXNativeTarget section */
		8495EFB01CB285A900F1172B /* TypesTest */ = {
			isa = PBXNativeTarget;
			buildConfigurationList = 8495EFC81CB285A900F1172B /* Build configuration list for PBXNativeTarget "TypesTest" */;
			buildPhases = (
				8495EFAD1CB285A900F1172B /* Sources */,
				8495EFAE1CB285A900F1172B /* Frameworks */,
				8495EFAF1CB285A900F1172B /* Resources */,
			);
			buildRules = (
			);
			dependencies = (
			);
			name = TypesTest;
			productName = TypesTest;
			productReference = 8495EFB11CB285A900F1172B /* TypesTest.app */;
			productType = "com.apple.product-type.application";
		};
/* End PBXNativeTarget section */

/* Begin PBXProject section */
		8495EFA91CB285A900F1172B /* Project object */ = {
			isa = PBXProject;
			attributes = {
				CLASSPREFIX = RC;
				LastUpgradeCheck = 0720;
				ORGANIZATIONNAME = RusChr;
				TargetAttributes = {
					8495EFB01CB285A900F1172B = {
						CreatedOnToolsVersion = 7.2.1;
					};
				};
			};
			buildConfigurationList = 8495EFAC1CB285A900F1172B /* Build configuration list for PBXProject "TypesTest" */;
			compatibilityVersion = "Xcode 3.2";
			developmentRegion = English;
			hasScannedForEncodings = 0;
			knownRegions = (
				en,
				Base,
			);
			mainGroup = 8495EFA81CB285A900F1172B;
			productRefGroup = 8495EFB21CB285A900F1172B /* Products */;
			projectDirPath = "";
			projectRoot = "";
			targets = (
				8495EFB01CB285A900F1172B /* TypesTest */,
			);
		};
/* End PBXProject section */

/* Begin PBXResourcesBuildPhase section */
		8495EFAF1CB285A900F1172B /* Resources */ = {
			isa = PBXResourcesBuildPhase;
			buildActionMask = 2147483647;
			files = (
				8495EFC41CB285A900F1172B /* LaunchScreen.storyboard in Resources */,
				8495EFC11CB285A900F1172B /* Assets.xcassets in Resources */,
				8495EFBF1CB285A900F1172B /* Main.storyboard in Resources */,
			);
			runOnlyForDeploymentPostprocessing = 0;
		};
/* End PBXResourcesBuildPhase section */

/* Begin PBXSourcesBuildPhase section */
		8495EFAD1CB285A900F1172B /* Sources */ = {
			isa = PBXSourcesBuildPhase;
			buildActionMask = 2147483647;
			files = (
				8495EFBC1CB285A900F1172B /* ViewController.m in Sources */,
				8495EFB91CB285A900F1172B /* AppDelegate.m in Sources */,
				8495EFCD1CB2907D00F1172B /* RCStudent.m in Sources */,
				8495EFB61CB285A900F1172B /* main.m in Sources */,
			);
			runOnlyForDeploymentPostprocessing = 0;
		};
/* End PBXSourcesBuildPhase section */

/* Begin PBXVariantGroup section */
		8495EFBD1CB285A900F1172B /* Main.storyboard */ = {
			isa = PBXVariantGroup;
			children = (
				8495EFBE1CB285A900F1172B /* Base */,
			);
			name = Main.storyboard;
			sourceTree = "<group>";
		};
		8495EFC21CB285A900F1172B /* LaunchScreen.storyboard */ = {
			isa = PBXVariantGroup;
			children = (
				8495EFC31CB285A900F1172B /* Base */,
			);
			name = LaunchScreen.storyboard;
			sourceTree = "<group>";
		};
/* End PBXVariantGroup section */

/* Begin XCBuildConfiguration section */
		8495EFC61CB285A900F1172B /* Debug */ = {
			isa = XCBuildConfiguration;
			buildSettings = {
				ALWAYS_SEARCH_USER_PATHS = NO;
				CLANG_CXX_LANGUAGE_STANDARD = "gnu++0x";
				CLANG_CXX_LIBRARY = "libc++";
				CLANG_ENABLE_MODULES = YES;
				CLANG_ENABLE_OBJC_ARC = YES;
				CLANG_WARN_BOOL_CONVERSION = YES;
				CLANG_WARN_CONSTANT_CONVERSION = YES;
				CLANG_WARN_DIRECT_OBJC_ISA_USAGE = YES_ERROR;
				CLANG_WARN_EMPTY_BODY = YES;
				CLANG_WARN_ENUM_CONVERSION = YES;
				CLANG_WARN_INT_CONVERSION = YES;
				CLANG_WARN_OBJC_ROOT_CLASS = YES_ERROR;
				CLANG_WARN_UNREACHABLE_CODE = YES;
				CLANG_WARN__DUPLICATE_METHOD_MATCH = YES;
				"CODE_SIGN_IDENTITY[sdk=iphoneos*]" = "iPhone Developer";
				COPY_PHASE_STRIP = NO;
				DEBUG_INFORMATION_FORMAT = dwarf;
				ENABLE_STRICT_OBJC_MSGSEND = YES;
				ENABLE_TESTABILITY = YES;
				GCC_C_LANGUAGE_STANDARD = gnu99;
				GCC_DYNAMIC_NO_PIC = NO;
				GCC_NO_COMMON_BLOCKS = YES;
				GCC_OPTIMIZATION_LEVEL = 0;
				GCC_PREPROCESSOR_DEFINITIONS = (
					"DEBUG=1",
					"$(inherited)",
				);
				GCC_WARN_64_TO_32_BIT_CONVERSION = YES;
				GCC_WARN_ABOUT_RETURN_TYPE = YES_ERROR;
				GCC_WARN_UNDECLARED_SELECTOR = YES;
				GCC_WARN_UNINITIALIZED_AUTOS = YES_AGGRESSIVE;
				GCC_WARN_UNUSED_FUNCTION = YES;
				GCC_WARN_UNUSED_VARIABLE = YES;
				IPHONEOS_DEPLOYMENT_TARGET = 9.2;
				MTL_ENABLE_DEBUG_INFO = YES;
				ONLY_ACTIVE_ARCH = YES;
				SDKROOT = iphoneos;
			};
			name = Debug;
		};
		8495EFC71CB285A900F1172B /* Release */ = {
			isa = XCBuildConfiguration;
			buildSettings = {
				ALWAYS_SEARCH_USER_PATHS = NO;
				CLANG_CXX_LANGUAGE_STANDARD = "gnu++0x";
				CLANG_CXX_LIBRARY = "libc++";
				CLANG_ENABLE_MODULES = YES;
				CLANG_ENABLE_OBJC_ARC = YES;
				CLANG_WARN_BOOL_CONVERSION = YES;
				CLANG_WARN_CONSTANT_CONVERSION = YES;
				CLANG_WARN_DIRECT_OBJC_ISA_USAGE = YES_ERROR;
				CLANG_WARN_EMPTY_BODY = YES;
				CLANG_WARN_ENUM_CONVERSION = YES;
				CLANG_WARN_INT_CONVERSION = YES;
				CLANG_WARN_OBJC_ROOT_CLASS = YES_ERROR;
				CLANG_WARN_UNREACHABLE_CODE = YES;
				CLANG_WARN__DUPLICATE_METHOD_MATCH = YES;
				"CODE_SIGN_IDENTITY[sdk=iphoneos*]" = "iPhone Developer";
				COPY_PHASE_STRIP = NO;
				DEBUG_INFORMATION_FORMAT = "dwarf-with-dsym";
				ENABLE_NS_ASSERTIONS = NO;
				ENABLE_STRICT_OBJC_MSGSEND = YES;
				GCC_C_LANGUAGE_STANDARD = gnu99;
				GCC_NO_COMMON_BLOCKS = YES;
				GCC_WARN_64_TO_32_BIT_CONVERSION = YES;
				GCC_WARN_ABOUT_RETURN_TYPE = YES_ERROR;
				GCC_WARN_UNDECLARED_SELECTOR = YES;
				GCC_WARN_UNINITIALIZED_AUTOS = YES_AGGRESSIVE;
				GCC_WARN_UNUSED_FUNCTION = YES;
				GCC_WARN_UNUSED_VARIABLE = YES;
				IPHONEOS_DEPLOYMENT_TARGET = 9.2;
				MTL_ENABLE_DEBUG_INFO = NO;
				SDKROOT = iphoneos;
				VALIDATE_PRODUCT = YES;
			};
			name = Release;
		};
		8495EFC91CB285A900F1172B /* Debug */ = {
			isa = XCBuildConfiguration;
			buildSettings = {
				ASSETCATALOG_COMPILER_APPICON_NAME = AppIcon;
				INFOPLIST_FILE = TypesTest/Info.plist;
				LD_RUNPATH_SEARCH_PATHS = "$(inherited) @executable_path/Frameworks";
				PRODUCT_BUNDLE_IDENTIFIER = com.ruschr.TypesTest;
				PRODUCT_NAME = "$(TARGET_NAME)";
			};
			name = Debug;
		};
		8495EFCA1CB285A900F1172B /* Release */ = {
			isa = XCBuildConfiguration;
			buildSettings = {
				ASSETCATALOG_COMPILER_APPICON_NAME = AppIcon;
				INFOPLIST_FILE = TypesTest/Info.plist;
				LD_RUNPATH_SEARCH_PATHS = "$(inherited) @executable_path/Frameworks";
				PRODUCT_BUNDLE_IDENTIFIER = com.ruschr.TypesTest;
				PRODUCT_NAME = "$(TARGET_NAME)";
			};
			name = Release;
		};
/* End XCBuildConfiguration section */

/* Begin XCConfigurationList section */
		8495EFAC1CB285A900F1172B /* Build configuration list for PBXProject "TypesTest" */ = {
			isa = XCConfigurationList;
			buildConfigurations = (
				8495EFC61CB285A900F1172B /* Debug */,
				8495EFC71CB285A900F1172B /* Release */,
			);
			defaultConfigurationIsVisible = 0;
			defaultConfigurationName = Release;
		};
		8495EFC81CB285A900F1172B /* Build configuration list for PBXNativeTarget "TypesTest" */ = {
			isa = XCConfigurationList;
			buildConfigurations = (
				8495EFC91CB285A900F1172B /* Debug */,
				8495EFCA1CB285A900F1172B /* Release */,
			);
			defaultConfigurationIsVisible = 0;
		};
/* End XCConfigurationList section */
	};
	rootObject = 8495EFA91CB285A900F1172B /* Project object */;
}
