// !$*UTF8*$!
{
	archiveVersion = 1;
	classes = {
	};
	objectVersion = 46;
	objects = {

/* Begin PBXBuildFile section */
		84B5C66B1DF5B46C0039BD03 /* main.m in Sources */ = {isa = PBXBuildFile; fileRef = 84B5C66A1DF5B46C0039BD03 /* main.m */; };
		84B5C66E1DF5B46C0039BD03 /* AppDelegate.m in Sources */ = {isa = PBXBuildFile; fileRef = 84B5C66D1DF5B46C0039BD03 /* AppDelegate.m */; };
		84B5C6741DF5B46C0039BD03 /* Main.storyboard in Resources */ = {isa = PBXBuildFile; fileRef = 84B5C6721DF5B46C0039BD03 /* Main.storyboard */; };
		84B5C6761DF5B46C0039BD03 /* Assets.xcassets in Resources */ = {isa = PBXBuildFile; fileRef = 84B5C6751DF5B46C0039BD03 /* Assets.xcassets */; };
		84B5C6791DF5B46C0039BD03 /* LaunchScreen.storyboard in Resources */ = {isa = PBXBuildFile; fileRef = 84B5C6771DF5B46C0039BD03 /* LaunchScreen.storyboard */; };
		84B5C6831DF5B63A0039BD03 /* file.png in Resources */ = {isa = PBXBuildFile; fileRef = 84B5C6811DF5B63A0039BD03 /* file.png */; };
		84B5C6841DF5B63A0039BD03 /* folder.png in Resources */ = {isa = PBXBuildFile; fileRef = 84B5C6821DF5B63A0039BD03 /* folder.png */; };
		84B5C6871DF5B6C80039BD03 /* RCDirectoryViewController.m in Sources */ = {isa = PBXBuildFile; fileRef = 84B5C6861DF5B6C80039BD03 /* RCDirectoryViewController.m */; };
/* End PBXBuildFile section */

/* Begin PBXFileReference section */
		84B5C6661DF5B46C0039BD03 /* FileManagerTest.app */ = {isa = PBXFileReference; explicitFileType = wrapper.application; includeInIndex = 0; path = FileManagerTest.app; sourceTree = BUILT_PRODUCTS_DIR; };
		84B5C66A1DF5B46C0039BD03 /* main.m */ = {isa = PBXFileReference; lastKnownFileType = sourcecode.c.objc; path = main.m; sourceTree = "<group>"; };
		84B5C66C1DF5B46C0039BD03 /* AppDelegate.h */ = {isa = PBXFileReference; lastKnownFileType = sourcecode.c.h; path = AppDelegate.h; sourceTree = "<group>"; };
		84B5C66D1DF5B46C0039BD03 /* AppDelegate.m */ = {isa = PBXFileReference; lastKnownFileType = sourcecode.c.objc; path = AppDelegate.m; sourceTree = "<group>"; };
		84B5C6731DF5B46C0039BD03 /* Base */ = {isa = PBXFileReference; lastKnownFileType = file.storyboard; name = Base; path = Base.lproj/Main.storyboard; sourceTree = "<group>"; };
		84B5C6751DF5B46C0039BD03 /* Assets.xcassets */ = {isa = PBXFileReference; lastKnownFileType = folder.assetcatalog; path = Assets.xcassets; sourceTree = "<group>"; };
		84B5C6781DF5B46C0039BD03 /* Base */ = {isa = PBXFileReference; lastKnownFileType = file.storyboard; name = Base; path = Base.lproj/LaunchScreen.storyboard; sourceTree = "<group>"; };
		84B5C67A1DF5B46C0039BD03 /* Info.plist */ = {isa = PBXFileReference; lastKnownFileType = text.plist.xml; path = Info.plist; sourceTree = "<group>"; };
		84B5C6811DF5B63A0039BD03 /* file.png */ = {isa = PBXFileReference; lastKnownFileType = image.png; path = file.png; sourceTree = "<group>"; };
		84B5C6821DF5B63A0039BD03 /* folder.png */ = {isa = PBXFileReference; lastKnownFileType = image.png; path = folder.png; sourceTree = "<group>"; };
		84B5C6851DF5B6C80039BD03 /* RCDirectoryViewController.h */ = {isa = PBXFileReference; fileEncoding = 4; lastKnownFileType = sourcecode.c.h; path = RCDirectoryViewController.h; sourceTree = "<group>"; };
		84B5C6861DF5B6C80039BD03 /* RCDirectoryViewController.m */ = {isa = PBXFileReference; fileEncoding = 4; lastKnownFileType = sourcecode.c.objc; path = RCDirectoryViewController.m; sourceTree = "<group>"; };
/* End PBXFileReference section */

/* Begin PBXFrameworksBuildPhase section */
		84B5C6631DF5B46C0039BD03 /* Frameworks */ = {
			isa = PBXFrameworksBuildPhase;
			buildActionMask = 2147483647;
			files = (
			);
			runOnlyForDeploymentPostprocessing = 0;
		};
/* End PBXFrameworksBuildPhase section */

/* Begin PBXGroup section */
		84B5C65D1DF5B46C0039BD03 = {
			isa = PBXGroup;
			children = (
				84B5C6681DF5B46C0039BD03 /* FileManagerTest */,
				84B5C6671DF5B46C0039BD03 /* Products */,
			);
			sourceTree = "<group>";
		};
		84B5C6671DF5B46C0039BD03 /* Products */ = {
			isa = PBXGroup;
			children = (
				84B5C6661DF5B46C0039BD03 /* FileManagerTest.app */,
			);
			name = Products;
			sourceTree = "<group>";
		};
		84B5C6681DF5B46C0039BD03 /* FileManagerTest */ = {
			isa = PBXGroup;
			children = (
				84B5C66C1DF5B46C0039BD03 /* AppDelegate.h */,
				84B5C66D1DF5B46C0039BD03 /* AppDelegate.m */,
				84B5C6851DF5B6C80039BD03 /* RCDirectoryViewController.h */,
				84B5C6861DF5B6C80039BD03 /* RCDirectoryViewController.m */,
				84B5C6721DF5B46C0039BD03 /* Main.storyboard */,
				84B5C6751DF5B46C0039BD03 /* Assets.xcassets */,
				84B5C6771DF5B46C0039BD03 /* LaunchScreen.storyboard */,
				84B5C67A1DF5B46C0039BD03 /* Info.plist */,
				84B5C6801DF5B63A0039BD03 /* Images */,
				84B5C6691DF5B46C0039BD03 /* Supporting Files */,
			);
			path = FileManagerTest;
			sourceTree = "<group>";
		};
		84B5C6691DF5B46C0039BD03 /* Supporting Files */ = {
			isa = PBXGroup;
			children = (
				84B5C66A1DF5B46C0039BD03 /* main.m */,
			);
			name = "Supporting Files";
			sourceTree = "<group>";
		};
		84B5C6801DF5B63A0039BD03 /* Images */ = {
			isa = PBXGroup;
			children = (
				84B5C6811DF5B63A0039BD03 /* file.png */,
				84B5C6821DF5B63A0039BD03 /* folder.png */,
			);
			path = Images;
			sourceTree = "<group>";
		};
/* End PBXGroup section */

/* Begin PBXNativeTarget section */
		84B5C6651DF5B46C0039BD03 /* FileManagerTest */ = {
			isa = PBXNativeTarget;
			buildConfigurationList = 84B5C67D1DF5B46C0039BD03 /* Build configuration list for PBXNativeTarget "FileManagerTest" */;
			buildPhases = (
				84B5C6621DF5B46C0039BD03 /* Sources */,
				84B5C6631DF5B46C0039BD03 /* Frameworks */,
				84B5C6641DF5B46C0039BD03 /* Resources */,
			);
			buildRules = (
			);
			dependencies = (
			);
			name = FileManagerTest;
			productName = FileManagerTest;
			productReference = 84B5C6661DF5B46C0039BD03 /* FileManagerTest.app */;
			productType = "com.apple.product-type.application";
		};
/* End PBXNativeTarget section */

/* Begin PBXProject section */
		84B5C65E1DF5B46C0039BD03 /* Project object */ = {
			isa = PBXProject;
			attributes = {
				CLASSPREFIX = RC;
				LastUpgradeCheck = 0810;
				ORGANIZATIONNAME = RusChr;
				TargetAttributes = {
					84B5C6651DF5B46C0039BD03 = {
						CreatedOnToolsVersion = 8.1;
						DevelopmentTeam = 753E9E6DKV;
						ProvisioningStyle = Automatic;
					};
				};
			};
			buildConfigurationList = 84B5C6611DF5B46C0039BD03 /* Build configuration list for PBXProject "FileManagerTest" */;
			compatibilityVersion = "Xcode 3.2";
			developmentRegion = English;
			hasScannedForEncodings = 0;
			knownRegions = (
				en,
				Base,
			);
			mainGroup = 84B5C65D1DF5B46C0039BD03;
			productRefGroup = 84B5C6671DF5B46C0039BD03 /* Products */;
			projectDirPath = "";
			projectRoot = "";
			targets = (
				84B5C6651DF5B46C0039BD03 /* FileManagerTest */,
			);
		};
/* End PBXProject section */

/* Begin PBXResourcesBuildPhase section */
		84B5C6641DF5B46C0039BD03 /* Resources */ = {
			isa = PBXResourcesBuildPhase;
			buildActionMask = 2147483647;
			files = (
				84B5C6791DF5B46C0039BD03 /* LaunchScreen.storyboard in Resources */,
				84B5C6761DF5B46C0039BD03 /* Assets.xcassets in Resources */,
				84B5C6741DF5B46C0039BD03 /* Main.storyboard in Resources */,
				84B5C6831DF5B63A0039BD03 /* file.png in Resources */,
				84B5C6841DF5B63A0039BD03 /* folder.png in Resources */,
			);
			runOnlyForDeploymentPostprocessing = 0;
		};
/* End PBXResourcesBuildPhase section */

/* Begin PBXSourcesBuildPhase section */
		84B5C6621DF5B46C0039BD03 /* Sources */ = {
			isa = PBXSourcesBuildPhase;
			buildActionMask = 2147483647;
			files = (
				84B5C66E1DF5B46C0039BD03 /* AppDelegate.m in Sources */,
				84B5C6871DF5B6C80039BD03 /* RCDirectoryViewController.m in Sources */,
				84B5C66B1DF5B46C0039BD03 /* main.m in Sources */,
			);
			runOnlyForDeploymentPostprocessing = 0;
		};
/* End PBXSourcesBuildPhase section */

/* Begin PBXVariantGroup section */
		84B5C6721DF5B46C0039BD03 /* Main.storyboard */ = {
			isa = PBXVariantGroup;
			children = (
				84B5C6731DF5B46C0039BD03 /* Base */,
			);
			name = Main.storyboard;
			sourceTree = "<group>";
		};
		84B5C6771DF5B46C0039BD03 /* LaunchScreen.storyboard */ = {
			isa = PBXVariantGroup;
			children = (
				84B5C6781DF5B46C0039BD03 /* Base */,
			);
			name = LaunchScreen.storyboard;
			sourceTree = "<group>";
		};
/* End PBXVariantGroup section */

/* Begin XCBuildConfiguration section */
		84B5C67B1DF5B46C0039BD03 /* Debug */ = {
			isa = XCBuildConfiguration;
			buildSettings = {
				ALWAYS_SEARCH_USER_PATHS = NO;
				CLANG_ANALYZER_NONNULL = YES;
				CLANG_CXX_LANGUAGE_STANDARD = "gnu++0x";
				CLANG_CXX_LIBRARY = "libc++";
				CLANG_ENABLE_MODULES = YES;
				CLANG_ENABLE_OBJC_ARC = YES;
				CLANG_WARN_BOOL_CONVERSION = YES;
				CLANG_WARN_CONSTANT_CONVERSION = YES;
				CLANG_WARN_DIRECT_OBJC_ISA_USAGE = YES_ERROR;
				CLANG_WARN_DOCUMENTATION_COMMENTS = YES;
				CLANG_WARN_EMPTY_BODY = YES;
				CLANG_WARN_ENUM_CONVERSION = YES;
				CLANG_WARN_INFINITE_RECURSION = YES;
				CLANG_WARN_INT_CONVERSION = YES;
				CLANG_WARN_OBJC_ROOT_CLASS = YES_ERROR;
				CLANG_WARN_SUSPICIOUS_MOVES = YES;
				CLANG_WARN_UNREACHABLE_CODE = YES;
				CLANG_WARN__DUPLICATE_METHOD_MATCH = YES;
				"CODE_SIGN_IDENTITY[sdk=iphoneos*]" = "iPhone Developer";
				COPY_PHASE_STRIP = NO;
				DEBUG_INFORMATION_FORMAT = dwarf;
				ENABLE_STRICT_OBJC_MSGSEND = YES;
				ENABLE_TESTABILITY = YES;
				GCC_C_LANGUAGE_STANDARD = gnu99;
				GCC_DYNAMIC_NO_PIC = NO;
				GCC_NO_COMMON_BLOCKS = YES;
				GCC_OPTIMIZATION_LEVEL = 0;
				GCC_PREPROCESSOR_DEFINITIONS = (
					"DEBUG=1",
					"$(inherited)",
				);
				GCC_WARN_64_TO_32_BIT_CONVERSION = YES;
				GCC_WARN_ABOUT_RETURN_TYPE = YES_ERROR;
				GCC_WARN_UNDECLARED_SELECTOR = YES;
				GCC_WARN_UNINITIALIZED_AUTOS = YES_AGGRESSIVE;
				GCC_WARN_UNUSED_FUNCTION = YES;
				GCC_WARN_UNUSED_VARIABLE = YES;
				IPHONEOS_DEPLOYMENT_TARGET = 10.1;
				MTL_ENABLE_DEBUG_INFO = YES;
				ONLY_ACTIVE_ARCH = YES;
				SDKROOT = iphoneos;
			};
			name = Debug;
		};
		84B5C67C1DF5B46C0039BD03 /* Release */ = {
			isa = XCBuildConfiguration;
			buildSettings = {
				ALWAYS_SEARCH_USER_PATHS = NO;
				CLANG_ANALYZER_NONNULL = YES;
				CLANG_CXX_LANGUAGE_STANDARD = "gnu++0x";
				CLANG_CXX_LIBRARY = "libc++";
				CLANG_ENABLE_MODULES = YES;
				CLANG_ENABLE_OBJC_ARC = YES;
				CLANG_WARN_BOOL_CONVERSION = YES;
				CLANG_WARN_CONSTANT_CONVERSION = YES;
				CLANG_WARN_DIRECT_OBJC_ISA_USAGE = YES_ERROR;
				CLANG_WARN_DOCUMENTATION_COMMENTS = YES;
				CLANG_WARN_EMPTY_BODY = YES;
				CLANG_WARN_ENUM_CONVERSION = YES;
				CLANG_WARN_INFINITE_RECURSION = YES;
				CLANG_WARN_INT_CONVERSION = YES;
				CLANG_WARN_OBJC_ROOT_CLASS = YES_ERROR;
				CLANG_WARN_SUSPICIOUS_MOVES = YES;
				CLANG_WARN_UNREACHABLE_CODE = YES;
				CLANG_WARN__DUPLICATE_METHOD_MATCH = YES;
				"CODE_SIGN_IDENTITY[sdk=iphoneos*]" = "iPhone Developer";
				COPY_PHASE_STRIP = NO;
				DEBUG_INFORMATION_FORMAT = "dwarf-with-dsym";
				ENABLE_NS_ASSERTIONS = NO;
				ENABLE_STRICT_OBJC_MSGSEND = YES;
				GCC_C_LANGUAGE_STANDARD = gnu99;
				GCC_NO_COMMON_BLOCKS = YES;
				GCC_WARN_64_TO_32_BIT_CONVERSION = YES;
				GCC_WARN_ABOUT_RETURN_TYPE = YES_ERROR;
				GCC_WARN_UNDECLARED_SELECTOR = YES;
				GCC_WARN_UNINITIALIZED_AUTOS = YES_AGGRESSIVE;
				GCC_WARN_UNUSED_FUNCTION = YES;
				GCC_WARN_UNUSED_VARIABLE = YES;
				IPHONEOS_DEPLOYMENT_TARGET = 10.1;
				MTL_ENABLE_DEBUG_INFO = NO;
				SDKROOT = iphoneos;
				VALIDATE_PRODUCT = YES;
			};
			name = Release;
		};
		84B5C67E1DF5B46C0039BD03 /* Debug */ = {
			isa = XCBuildConfiguration;
			buildSettings = {
				ASSETCATALOG_COMPILER_APPICON_NAME = AppIcon;
				DEVELOPMENT_TEAM = 753E9E6DKV;
				INFOPLIST_FILE = FileManagerTest/Info.plist;
				LD_RUNPATH_SEARCH_PATHS = "$(inherited) @executable_path/Frameworks";
				PRODUCT_BUNDLE_IDENTIFIER = com.ruschr.FileManagerTest;
				PRODUCT_NAME = "$(TARGET_NAME)";
			};
			name = Debug;
		};
		84B5C67F1DF5B46C0039BD03 /* Release */ = {
			isa = XCBuildConfiguration;
			buildSettings = {
				ASSETCATALOG_COMPILER_APPICON_NAME = AppIcon;
				DEVELOPMENT_TEAM = 753E9E6DKV;
				INFOPLIST_FILE = FileManagerTest/Info.plist;
				LD_RUNPATH_SEARCH_PATHS = "$(inherited) @executable_path/Frameworks";
				PRODUCT_BUNDLE_IDENTIFIER = com.ruschr.FileManagerTest;
				PRODUCT_NAME = "$(TARGET_NAME)";
			};
			name = Release;
		};
/* End XCBuildConfiguration section */

/* Begin XCConfigurationList section */
		84B5C6611DF5B46C0039BD03 /* Build configuration list for PBXProject "FileManagerTest" */ = {
			isa = XCConfigurationList;
			buildConfigurations = (
				84B5C67B1DF5B46C0039BD03 /* Debug */,
				84B5C67C1DF5B46C0039BD03 /* Release */,
			);
			defaultConfigurationIsVisible = 0;
			defaultConfigurationName = Release;
		};
		84B5C67D1DF5B46C0039BD03 /* Build configuration list for PBXNativeTarget "FileManagerTest" */ = {
			isa = XCConfigurationList;
			buildConfigurations = (
				84B5C67E1DF5B46C0039BD03 /* Debug */,
				84B5C67F1DF5B46C0039BD03 /* Release */,
			);
			defaultConfigurationIsVisible = 0;
		};
/* End XCConfigurationList section */
	};
	rootObject = 84B5C65E1DF5B46C0039BD03 /* Project object */;
}
