// !$*UTF8*$!
{
	archiveVersion = 1;
	classes = {
	};
	objectVersion = 46;
	objects = {

/* Begin PBXBuildFile section */
		840027AD1DCB9AE800C2479F /* main.m in Sources */ = {isa = PBXBuildFile; fileRef = 840027AC1DCB9AE800C2479F /* main.m */; };
		840027B01DCB9AE900C2479F /* AppDelegate.m in Sources */ = {isa = PBXBuildFile; fileRef = 840027AF1DCB9AE900C2479F /* AppDelegate.m */; };
		840027B31DCB9AE900C2479F /* ViewController.m in Sources */ = {isa = PBXBuildFile; fileRef = 840027B21DCB9AE900C2479F /* ViewController.m */; };
		840027B61DCB9AE900C2479F /* Main.storyboard in Resources */ = {isa = PBXBuildFile; fileRef = 840027B41DCB9AE900C2479F /* Main.storyboard */; };
		840027B81DCB9AE900C2479F /* Assets.xcassets in Resources */ = {isa = PBXBuildFile; fileRef = 840027B71DCB9AE900C2479F /* Assets.xcassets */; };
		840027BB1DCB9AE900C2479F /* LaunchScreen.storyboard in Resources */ = {isa = PBXBuildFile; fileRef = 840027B91DCB9AE900C2479F /* LaunchScreen.storyboard */; };
/* End PBXBuildFile section */

/* Begin PBXFileReference section */
		840027A81DCB9AE800C2479F /* FontsTest.app */ = {isa = PBXFileReference; explicitFileType = wrapper.application; includeInIndex = 0; path = FontsTest.app; sourceTree = BUILT_PRODUCTS_DIR; };
		840027AC1DCB9AE800C2479F /* main.m */ = {isa = PBXFileReference; lastKnownFileType = sourcecode.c.objc; path = main.m; sourceTree = "<group>"; };
		840027AE1DCB9AE900C2479F /* AppDelegate.h */ = {isa = PBXFileReference; lastKnownFileType = sourcecode.c.h; path = AppDelegate.h; sourceTree = "<group>"; };
		840027AF1DCB9AE900C2479F /* AppDelegate.m */ = {isa = PBXFileReference; lastKnownFileType = sourcecode.c.objc; path = AppDelegate.m; sourceTree = "<group>"; };
		840027B11DCB9AE900C2479F /* ViewController.h */ = {isa = PBXFileReference; lastKnownFileType = sourcecode.c.h; path = ViewController.h; sourceTree = "<group>"; };
		840027B21DCB9AE900C2479F /* ViewController.m */ = {isa = PBXFileReference; lastKnownFileType = sourcecode.c.objc; path = ViewController.m; sourceTree = "<group>"; };
		840027B51DCB9AE900C2479F /* Base */ = {isa = PBXFileReference; lastKnownFileType = file.storyboard; name = Base; path = Base.lproj/Main.storyboard; sourceTree = "<group>"; };
		840027B71DCB9AE900C2479F /* Assets.xcassets */ = {isa = PBXFileReference; lastKnownFileType = folder.assetcatalog; path = Assets.xcassets; sourceTree = "<group>"; };
		840027BA1DCB9AE900C2479F /* Base */ = {isa = PBXFileReference; lastKnownFileType = file.storyboard; name = Base; path = Base.lproj/LaunchScreen.storyboard; sourceTree = "<group>"; };
		840027BC1DCB9AE900C2479F /* Info.plist */ = {isa = PBXFileReference; lastKnownFileType = text.plist.xml; path = Info.plist; sourceTree = "<group>"; };
/* End PBXFileReference section */

/* Begin PBXFrameworksBuildPhase section */
		840027A51DCB9AE800C2479F /* Frameworks */ = {
			isa = PBXFrameworksBuildPhase;
			buildActionMask = 2147483647;
			files = (
			);
			runOnlyForDeploymentPostprocessing = 0;
		};
/* End PBXFrameworksBuildPhase section */

/* Begin PBXGroup section */
		8400279F1DCB9AE800C2479F = {
			isa = PBXGroup;
			children = (
				840027AA1DCB9AE800C2479F /* FontsTest */,
				840027A91DCB9AE800C2479F /* Products */,
			);
			sourceTree = "<group>";
		};
		840027A91DCB9AE800C2479F /* Products */ = {
			isa = PBXGroup;
			children = (
				840027A81DCB9AE800C2479F /* FontsTest.app */,
			);
			name = Products;
			sourceTree = "<group>";
		};
		840027AA1DCB9AE800C2479F /* FontsTest */ = {
			isa = PBXGroup;
			children = (
				840027AE1DCB9AE900C2479F /* AppDelegate.h */,
				840027AF1DCB9AE900C2479F /* AppDelegate.m */,
				840027B11DCB9AE900C2479F /* ViewController.h */,
				840027B21DCB9AE900C2479F /* ViewController.m */,
				840027B41DCB9AE900C2479F /* Main.storyboard */,
				840027B71DCB9AE900C2479F /* Assets.xcassets */,
				840027B91DCB9AE900C2479F /* LaunchScreen.storyboard */,
				840027BC1DCB9AE900C2479F /* Info.plist */,
				840027AB1DCB9AE800C2479F /* Supporting Files */,
			);
			path = FontsTest;
			sourceTree = "<group>";
		};
		840027AB1DCB9AE800C2479F /* Supporting Files */ = {
			isa = PBXGroup;
			children = (
				840027AC1DCB9AE800C2479F /* main.m */,
			);
			name = "Supporting Files";
			sourceTree = "<group>";
		};
/* End PBXGroup section */

/* Begin PBXNativeTarget section */
		840027A71DCB9AE800C2479F /* FontsTest */ = {
			isa = PBXNativeTarget;
			buildConfigurationList = 840027BF1DCB9AE900C2479F /* Build configuration list for PBXNativeTarget "FontsTest" */;
			buildPhases = (
				840027A41DCB9AE800C2479F /* Sources */,
				840027A51DCB9AE800C2479F /* Frameworks */,
				840027A61DCB9AE800C2479F /* Resources */,
			);
			buildRules = (
			);
			dependencies = (
			);
			name = FontsTest;
			productName = FontsTest;
			productReference = 840027A81DCB9AE800C2479F /* FontsTest.app */;
			productType = "com.apple.product-type.application";
		};
/* End PBXNativeTarget section */

/* Begin PBXProject section */
		840027A01DCB9AE800C2479F /* Project object */ = {
			isa = PBXProject;
			attributes = {
				LastUpgradeCheck = 0810;
				ORGANIZATIONNAME = RusChr;
				TargetAttributes = {
					840027A71DCB9AE800C2479F = {
						CreatedOnToolsVersion = 8.0;
						DevelopmentTeam = 753E9E6DKV;
						ProvisioningStyle = Automatic;
					};
				};
			};
			buildConfigurationList = 840027A31DCB9AE800C2479F /* Build configuration list for PBXProject "FontsTest" */;
			compatibilityVersion = "Xcode 3.2";
			developmentRegion = English;
			hasScannedForEncodings = 0;
			knownRegions = (
				en,
				Base,
			);
			mainGroup = 8400279F1DCB9AE800C2479F;
			productRefGroup = 840027A91DCB9AE800C2479F /* Products */;
			projectDirPath = "";
			projectRoot = "";
			targets = (
				840027A71DCB9AE800C2479F /* FontsTest */,
			);
		};
/* End PBXProject section */

/* Begin PBXResourcesBuildPhase section */
		840027A61DCB9AE800C2479F /* Resources */ = {
			isa = PBXResourcesBuildPhase;
			buildActionMask = 2147483647;
			files = (
				840027BB1DCB9AE900C2479F /* LaunchScreen.storyboard in Resources */,
				840027B81DCB9AE900C2479F /* Assets.xcassets in Resources */,
				840027B61DCB9AE900C2479F /* Main.storyboard in Resources */,
			);
			runOnlyForDeploymentPostprocessing = 0;
		};
/* End PBXResourcesBuildPhase section */

/* Begin PBXSourcesBuildPhase section */
		840027A41DCB9AE800C2479F /* Sources */ = {
			isa = PBXSourcesBuildPhase;
			buildActionMask = 2147483647;
			files = (
				840027B31DCB9AE900C2479F /* ViewController.m in Sources */,
				840027B01DCB9AE900C2479F /* AppDelegate.m in Sources */,
				840027AD1DCB9AE800C2479F /* main.m in Sources */,
			);
			runOnlyForDeploymentPostprocessing = 0;
		};
/* End PBXSourcesBuildPhase section */

/* Begin PBXVariantGroup section */
		840027B41DCB9AE900C2479F /* Main.storyboard */ = {
			isa = PBXVariantGroup;
			children = (
				840027B51DCB9AE900C2479F /* Base */,
			);
			name = Main.storyboard;
			sourceTree = "<group>";
		};
		840027B91DCB9AE900C2479F /* LaunchScreen.storyboard */ = {
			isa = PBXVariantGroup;
			children = (
				840027BA1DCB9AE900C2479F /* Base */,
			);
			name = LaunchScreen.storyboard;
			sourceTree = "<group>";
		};
/* End PBXVariantGroup section */

/* Begin XCBuildConfiguration section */
		840027BD1DCB9AE900C2479F /* Debug */ = {
			isa = XCBuildConfiguration;
			buildSettings = {
				ALWAYS_SEARCH_USER_PATHS = NO;
				CLANG_ANALYZER_NONNULL = YES;
				CLANG_CXX_LANGUAGE_STANDARD = "gnu++0x";
				CLANG_CXX_LIBRARY = "libc++";
				CLANG_ENABLE_MODULES = YES;
				CLANG_ENABLE_OBJC_ARC = YES;
				CLANG_WARN_BOOL_CONVERSION = YES;
				CLANG_WARN_CONSTANT_CONVERSION = YES;
				CLANG_WARN_DIRECT_OBJC_ISA_USAGE = YES_ERROR;
				CLANG_WARN_DOCUMENTATION_COMMENTS = YES;
				CLANG_WARN_EMPTY_BODY = YES;
				CLANG_WARN_ENUM_CONVERSION = YES;
				CLANG_WARN_INFINITE_RECURSION = YES;
				CLANG_WARN_INT_CONVERSION = YES;
				CLANG_WARN_OBJC_ROOT_CLASS = YES_ERROR;
				CLANG_WARN_SUSPICIOUS_MOVE = YES;
				CLANG_WARN_SUSPICIOUS_MOVES = YES;
				CLANG_WARN_UNREACHABLE_CODE = YES;
				CLANG_WARN__DUPLICATE_METHOD_MATCH = YES;
				"CODE_SIGN_IDENTITY[sdk=iphoneos*]" = "iPhone Developer";
				COPY_PHASE_STRIP = NO;
				DEBUG_INFORMATION_FORMAT = dwarf;
				ENABLE_STRICT_OBJC_MSGSEND = YES;
				ENABLE_TESTABILITY = YES;
				GCC_C_LANGUAGE_STANDARD = gnu99;
				GCC_DYNAMIC_NO_PIC = NO;
				GCC_NO_COMMON_BLOCKS = YES;
				GCC_OPTIMIZATION_LEVEL = 0;
				GCC_PREPROCESSOR_DEFINITIONS = (
					"DEBUG=1",
					"$(inherited)",
				);
				GCC_WARN_64_TO_32_BIT_CONVERSION = YES;
				GCC_WARN_ABOUT_RETURN_TYPE = YES_ERROR;
				GCC_WARN_UNDECLARED_SELECTOR = YES;
				GCC_WARN_UNINITIALIZED_AUTOS = YES_AGGRESSIVE;
				GCC_WARN_UNUSED_FUNCTION = YES;
				GCC_WARN_UNUSED_VARIABLE = YES;
				IPHONEOS_DEPLOYMENT_TARGET = 10.0;
				MTL_ENABLE_DEBUG_INFO = YES;
				ONLY_ACTIVE_ARCH = YES;
				SDKROOT = iphoneos;
			};
			name = Debug;
		};
		840027BE1DCB9AE900C2479F /* Release */ = {
			isa = XCBuildConfiguration;
			buildSettings = {
				ALWAYS_SEARCH_USER_PATHS = NO;
				CLANG_ANALYZER_NONNULL = YES;
				CLANG_CXX_LANGUAGE_STANDARD = "gnu++0x";
				CLANG_CXX_LIBRARY = "libc++";
				CLANG_ENABLE_MODULES = YES;
				CLANG_ENABLE_OBJC_ARC = YES;
				CLANG_WARN_BOOL_CONVERSION = YES;
				CLANG_WARN_CONSTANT_CONVERSION = YES;
				CLANG_WARN_DIRECT_OBJC_ISA_USAGE = YES_ERROR;
				CLANG_WARN_DOCUMENTATION_COMMENTS = YES;
				CLANG_WARN_EMPTY_BODY = YES;
				CLANG_WARN_ENUM_CONVERSION = YES;
				CLANG_WARN_INFINITE_RECURSION = YES;
				CLANG_WARN_INT_CONVERSION = YES;
				CLANG_WARN_OBJC_ROOT_CLASS = YES_ERROR;
				CLANG_WARN_SUSPICIOUS_MOVE = YES;
				CLANG_WARN_SUSPICIOUS_MOVES = YES;
				CLANG_WARN_UNREACHABLE_CODE = YES;
				CLANG_WARN__DUPLICATE_METHOD_MATCH = YES;
				"CODE_SIGN_IDENTITY[sdk=iphoneos*]" = "iPhone Developer";
				COPY_PHASE_STRIP = NO;
				DEBUG_INFORMATION_FORMAT = "dwarf-with-dsym";
				ENABLE_NS_ASSERTIONS = NO;
				ENABLE_STRICT_OBJC_MSGSEND = YES;
				GCC_C_LANGUAGE_STANDARD = gnu99;
				GCC_NO_COMMON_BLOCKS = YES;
				GCC_WARN_64_TO_32_BIT_CONVERSION = YES;
				GCC_WARN_ABOUT_RETURN_TYPE = YES_ERROR;
				GCC_WARN_UNDECLARED_SELECTOR = YES;
				GCC_WARN_UNINITIALIZED_AUTOS = YES_AGGRESSIVE;
				GCC_WARN_UNUSED_FUNCTION = YES;
				GCC_WARN_UNUSED_VARIABLE = YES;
				IPHONEOS_DEPLOYMENT_TARGET = 10.0;
				MTL_ENABLE_DEBUG_INFO = NO;
				SDKROOT = iphoneos;
				VALIDATE_PRODUCT = YES;
			};
			name = Release;
		};
		840027C01DCB9AE900C2479F /* Debug */ = {
			isa = XCBuildConfiguration;
			buildSettings = {
				ASSETCATALOG_COMPILER_APPICON_NAME = AppIcon;
				DEVELOPMENT_TEAM = 753E9E6DKV;
				INFOPLIST_FILE = FontsTest/Info.plist;
				LD_RUNPATH_SEARCH_PATHS = "$(inherited) @executable_path/Frameworks";
				PRODUCT_BUNDLE_IDENTIFIER = com.ruschr.FontsTest;
				PRODUCT_NAME = "$(TARGET_NAME)";
			};
			name = Debug;
		};
		840027C11DCB9AE900C2479F /* Release */ = {
			isa = XCBuildConfiguration;
			buildSettings = {
				ASSETCATALOG_COMPILER_APPICON_NAME = AppIcon;
				DEVELOPMENT_TEAM = 753E9E6DKV;
				INFOPLIST_FILE = FontsTest/Info.plist;
				LD_RUNPATH_SEARCH_PATHS = "$(inherited) @executable_path/Frameworks";
				PRODUCT_BUNDLE_IDENTIFIER = com.ruschr.FontsTest;
				PRODUCT_NAME = "$(TARGET_NAME)";
			};
			name = Release;
		};
/* End XCBuildConfiguration section */

/* Begin XCConfigurationList section */
		840027A31DCB9AE800C2479F /* Build configuration list for PBXProject "FontsTest" */ = {
			isa = XCConfigurationList;
			buildConfigurations = (
				840027BD1DCB9AE900C2479F /* Debug */,
				840027BE1DCB9AE900C2479F /* Release */,
			);
			defaultConfigurationIsVisible = 0;
			defaultConfigurationName = Release;
		};
		840027BF1DCB9AE900C2479F /* Build configuration list for PBXNativeTarget "FontsTest" */ = {
			isa = XCConfigurationList;
			buildConfigurations = (
				840027C01DCB9AE900C2479F /* Debug */,
				840027C11DCB9AE900C2479F /* Release */,
			);
			defaultConfigurationIsVisible = 0;
			defaultConfigurationName = Release;
		};
/* End XCConfigurationList section */
	};
	rootObject = 840027A01DCB9AE800C2479F /* Project object */;
}
